
Microsoft Visual Studio Solution File, Format Version 12.00
# Visual Studio 14
VisualStudioVersion = 14.0.25420.1
MinimumVisualStudioVersion = 10.0.40219.1
Project("{FAE04EC0-301F-11D3-BF4B-00C04F79EFBC}") = "Initial tests", "UnitTestProject1\Initial tests.csproj", "{9A704D06-9E78-4D84-8DD7-7B93B1BD50F5}"
EndProject
Project("{2150E333-8FDC-42A3-9474-1A3956D46DE8}") = "Configuration", "Configuration", "{99F6D211-2285-49E6-91EF-142C6E897CB9}"
EndProject
Project("{FAE04EC0-301F-11D3-BF4B-00C04F79EFBC}") = "Autotests.Utilities", "..\..\..\autotestsHabra\Autotests\Autotests.Utilities\Autotests.Utilities.csproj", "{574C34F7-C509-42C5-9131-16B7B023113A}"
EndProject
Project("{FAE04EC0-301F-11D3-BF4B-00C04F79EFBC}") = "Autotests.WebPages", "..\..\..\autotestsHabra\Autotests\Autotests.WebPages\Autotests.WebPages.csproj", "{32E95D12-F0BB-42A6-B0FD-4971B4954F5B}"
EndProject
Project("{FAE04EC0-301F-11D3-BF4B-00C04F79EFBC}") = "Autotests.Suites", "..\..\..\autotestsHabra\Autotests\Autotests.Suites\Autotests.Suites.csproj", "{739A7A11-D258-4AC7-A2AE-014C9081AD91}"
EndProject
Global
	GlobalSection(SolutionConfigurationPlatforms) = preSolution
		Debug|Any CPU = Debug|Any CPU
		Debug|ARM = Debug|ARM
		Debug|x64 = Debug|x64
		Debug|x86 = Debug|x86
		Release|Any CPU = Release|Any CPU
		Release|ARM = Release|ARM
		Release|x64 = Release|x64
		Release|x86 = Release|x86
	EndGlobalSection
	GlobalSection(ProjectConfigurationPlatforms) = postSolution
		{9A704D06-9E78-4D84-8DD7-7B93B1BD50F5}.Debug|Any CPU.ActiveCfg = Debug|Any CPU
		{9A704D06-9E78-4D84-8DD7-7B93B1BD50F5}.Debug|Any CPU.Build.0 = Debug|Any CPU
		{9A704D06-9E78-4D84-8DD7-7B93B1BD50F5}.Debug|ARM.ActiveCfg = Debug|Any CPU
		{9A704D06-9E78-4D84-8DD7-7B93B1BD50F5}.Debug|ARM.Build.0 = Debug|Any CPU
		{9A704D06-9E78-4D84-8DD7-7B93B1BD50F5}.Debug|x64.ActiveCfg = Debug|Any CPU
		{9A704D06-9E78-4D84-8DD7-7B93B1BD50F5}.Debug|x64.Build.0 = Debug|Any CPU
		{9A704D06-9E78-4D84-8DD7-7B93B1BD50F5}.Debug|x86.ActiveCfg = Debug|Any CPU
		{9A704D06-9E78-4D84-8DD7-7B93B1BD50F5}.Debug|x86.Build.0 = Debug|Any CPU
		{9A704D06-9E78-4D84-8DD7-7B93B1BD50F5}.Release|Any CPU.ActiveCfg = Release|Any CPU
		{9A704D06-9E78-4D84-8DD7-7B93B1BD50F5}.Release|Any CPU.Build.0 = Release|Any CPU
		{9A704D06-9E78-4D84-8DD7-7B93B1BD50F5}.Release|ARM.ActiveCfg = Release|Any CPU
		{9A704D06-9E78-4D84-8DD7-7B93B1BD50F5}.Release|ARM.Build.0 = Release|Any CPU
		{9A704D06-9E78-4D84-8DD7-7B93B1BD50F5}.Release|x64.ActiveCfg = Release|Any CPU
		{9A704D06-9E78-4D84-8DD7-7B93B1BD50F5}.Release|x64.Build.0 = Release|Any CPU
		{9A704D06-9E78-4D84-8DD7-7B93B1BD50F5}.Release|x86.ActiveCfg = Release|Any CPU
		{9A704D06-9E78-4D84-8DD7-7B93B1BD50F5}.Release|x86.Build.0 = Release|Any CPU
		{574C34F7-C509-42C5-9131-16B7B023113A}.Debug|Any CPU.ActiveCfg = Debug|Any CPU
		{574C34F7-C509-42C5-9131-16B7B023113A}.Debug|Any CPU.Build.0 = Debug|Any CPU
		{574C34F7-C509-42C5-9131-16B7B023113A}.Debug|ARM.ActiveCfg = Debug|Any CPU
		{574C34F7-C509-42C5-9131-16B7B023113A}.Debug|ARM.Build.0 = Debug|Any CPU
		{574C34F7-C509-42C5-9131-16B7B023113A}.Debug|x64.ActiveCfg = Debug|Any CPU
		{574C34F7-C509-42C5-9131-16B7B023113A}.Debug|x64.Build.0 = Debug|Any CPU
		{574C34F7-C509-42C5-9131-16B7B023113A}.Debug|x86.ActiveCfg = Debug|Any CPU
		{574C34F7-C509-42C5-9131-16B7B023113A}.Debug|x86.Build.0 = Debug|Any CPU
		{574C34F7-C509-42C5-9131-16B7B023113A}.Release|Any CPU.ActiveCfg = Release|Any CPU
		{574C34F7-C509-42C5-9131-16B7B023113A}.Release|Any CPU.Build.0 = Release|Any CPU
		{574C34F7-C509-42C5-9131-16B7B023113A}.Release|ARM.ActiveCfg = Release|Any CPU
		{574C34F7-C509-42C5-9131-16B7B023113A}.Release|ARM.Build.0 = Release|Any CPU
		{574C34F7-C509-42C5-9131-16B7B023113A}.Release|x64.ActiveCfg = Release|Any CPU
		{574C34F7-C509-42C5-9131-16B7B023113A}.Release|x64.Build.0 = Release|Any CPU
		{574C34F7-C509-42C5-9131-16B7B023113A}.Release|x86.ActiveCfg = Release|Any CPU
		{574C34F7-C509-42C5-9131-16B7B023113A}.Release|x86.Build.0 = Release|Any CPU
		{32E95D12-F0BB-42A6-B0FD-4971B4954F5B}.Debug|Any CPU.ActiveCfg = Debug|Any CPU
		{32E95D12-F0BB-42A6-B0FD-4971B4954F5B}.Debug|Any CPU.Build.0 = Debug|Any CPU
		{32E95D12-F0BB-42A6-B0FD-4971B4954F5B}.Debug|ARM.ActiveCfg = Debug|Any CPU
		{32E95D12-F0BB-42A6-B0FD-4971B4954F5B}.Debug|ARM.Build.0 = Debug|Any CPU
		{32E95D12-F0BB-42A6-B0FD-4971B4954F5B}.Debug|x64.ActiveCfg = Debug|Any CPU
		{32E95D12-F0BB-42A6-B0FD-4971B4954F5B}.Debug|x64.Build.0 = Debug|Any CPU
		{32E95D12-F0BB-42A6-B0FD-4971B4954F5B}.Debug|x86.ActiveCfg = Debug|Any CPU
		{32E95D12-F0BB-42A6-B0FD-4971B4954F5B}.Debug|x86.Build.0 = Debug|Any CPU
		{32E95D12-F0BB-42A6-B0FD-4971B4954F5B}.Release|Any CPU.ActiveCfg = Release|Any CPU
		{32E95D12-F0BB-42A6-B0FD-4971B4954F5B}.Release|Any CPU.Build.0 = Release|Any CPU
		{32E95D12-F0BB-42A6-B0FD-4971B4954F5B}.Release|ARM.ActiveCfg = Release|Any CPU
		{32E95D12-F0BB-42A6-B0FD-4971B4954F5B}.Release|ARM.Build.0 = Release|Any CPU
		{32E95D12-F0BB-42A6-B0FD-4971B4954F5B}.Release|x64.ActiveCfg = Release|Any CPU
		{32E95D12-F0BB-42A6-B0FD-4971B4954F5B}.Release|x64.Build.0 = Release|Any CPU
		{32E95D12-F0BB-42A6-B0FD-4971B4954F5B}.Release|x86.ActiveCfg = Release|Any CPU
		{32E95D12-F0BB-42A6-B0FD-4971B4954F5B}.Release|x86.Build.0 = Release|Any CPU
		{739A7A11-D258-4AC7-A2AE-014C9081AD91}.Debug|Any CPU.ActiveCfg = Debug|Any CPU
		{739A7A11-D258-4AC7-A2AE-014C9081AD91}.Debug|Any CPU.Build.0 = Debug|Any CPU
		{739A7A11-D258-4AC7-A2AE-014C9081AD91}.Debug|ARM.ActiveCfg = Debug|Any CPU
		{739A7A11-D258-4AC7-A2AE-014C9081AD91}.Debug|ARM.Build.0 = Debug|Any CPU
		{739A7A11-D258-4AC7-A2AE-014C9081AD91}.Debug|x64.ActiveCfg = Debug|Any CPU
		{739A7A11-D258-4AC7-A2AE-014C9081AD91}.Debug|x64.Build.0 = Debug|Any CPU
		{739A7A11-D258-4AC7-A2AE-014C9081AD91}.Debug|x86.ActiveCfg = Debug|Any CPU
		{739A7A11-D258-4AC7-A2AE-014C9081AD91}.Debug|x86.Build.0 = Debug|Any CPU
		{739A7A11-D258-4AC7-A2AE-014C9081AD91}.Release|Any CPU.ActiveCfg = Release|Any CPU
		{739A7A11-D258-4AC7-A2AE-014C9081AD91}.Release|Any CPU.Build.0 = Release|Any CPU
		{739A7A11-D258-4AC7-A2AE-014C9081AD91}.Release|ARM.ActiveCfg = Release|Any CPU
		{739A7A11-D258-4AC7-A2AE-014C9081AD91}.Release|ARM.Build.0 = Release|Any CPU
		{739A7A11-D258-4AC7-A2AE-014C9081AD91}.Release|x64.ActiveCfg = Release|Any CPU
		{739A7A11-D258-4AC7-A2AE-014C9081AD91}.Release|x64.Build.0 = Release|Any CPU
		{739A7A11-D258-4AC7-A2AE-014C9081AD91}.Release|x86.ActiveCfg = Release|Any CPU
		{739A7A11-D258-4AC7-A2AE-014C9081AD91}.Release|x86.Build.0 = Release|Any CPU
	EndGlobalSection
	GlobalSection(SolutionProperties) = preSolution
		HideSolutionNode = FALSE
	EndGlobalSection
EndGlobal
