
Microsoft Visual Studio Solution File, Format Version 12.00
# Visual Studio 14
VisualStudioVersion = 14.0.25420.1
MinimumVisualStudioVersion = 10.0.40219.1
Project("{FAE04EC0-301F-11D3-BF4B-00C04F79EFBC}") = "Initial tests", "UnitTestProject1\Initial tests.csproj", "{9A704D06-9E78-4D84-8DD7-7B93B1BD50F5}"
EndProject
Project("{2150E333-8FDC-42A3-9474-1A3956D46DE8}") = "Configuration", "Configuration", "{99F6D211-2285-49E6-91EF-142C6E897CB9}"
EndProject
Project("{2150E333-8FDC-42A3-9474-1A3956D46DE8}") = "testApp", "testApp", "{070AE6D1-6D60-421E-B31C-F94AFFF58938}"
EndProject
Project("{D954291E-2A0B-460D-934E-DC6B0785DB48}") = "testApp.Shared", "testApp\testApp.Shared\testApp.Shared.shproj", "{9D34C2FB-C4B8-4C3B-AEF1-7BEE4D20AC24}"
EndProject
Project("{FAE04EC0-301F-11D3-BF4B-00C04F79EFBC}") = "testApp.Windows", "testApp\testApp.Windows\testApp.Windows.csproj", "{510F4418-6D2E-43E5-A2F5-668185CB5BD9}"
EndProject
Project("{FAE04EC0-301F-11D3-BF4B-00C04F79EFBC}") = "testApp.WindowsPhone", "testApp\testApp.WindowsPhone\testApp.WindowsPhone.csproj", "{E31D18BF-AF86-4E0E-8751-5F052882DCF1}"
EndProject
Global
	GlobalSection(SharedMSBuildProjectFiles) = preSolution
		testApp\testApp.Shared\testApp.Shared.projitems*{510f4418-6d2e-43e5-a2f5-668185cb5bd9}*SharedItemsImports = 4
		testApp\testApp.Shared\testApp.Shared.projitems*{9d34c2fb-c4b8-4c3b-aef1-7bee4d20ac24}*SharedItemsImports = 13
		testApp\testApp.Shared\testApp.Shared.projitems*{e31d18bf-af86-4e0e-8751-5f052882dcf1}*SharedItemsImports = 4
	EndGlobalSection
	GlobalSection(SolutionConfigurationPlatforms) = preSolution
		Debug|Any CPU = Debug|Any CPU
		Debug|ARM = Debug|ARM
		Debug|x64 = Debug|x64
		Debug|x86 = Debug|x86
		Release|Any CPU = Release|Any CPU
		Release|ARM = Release|ARM
		Release|x64 = Release|x64
		Release|x86 = Release|x86
	EndGlobalSection
	GlobalSection(ProjectConfigurationPlatforms) = postSolution
		{9A704D06-9E78-4D84-8DD7-7B93B1BD50F5}.Debug|Any CPU.ActiveCfg = Debug|Any CPU
		{9A704D06-9E78-4D84-8DD7-7B93B1BD50F5}.Debug|Any CPU.Build.0 = Debug|Any CPU
		{9A704D06-9E78-4D84-8DD7-7B93B1BD50F5}.Debug|ARM.ActiveCfg = Debug|Any CPU
		{9A704D06-9E78-4D84-8DD7-7B93B1BD50F5}.Debug|ARM.Build.0 = Debug|Any CPU
		{9A704D06-9E78-4D84-8DD7-7B93B1BD50F5}.Debug|x64.ActiveCfg = Debug|Any CPU
		{9A704D06-9E78-4D84-8DD7-7B93B1BD50F5}.Debug|x64.Build.0 = Debug|Any CPU
		{9A704D06-9E78-4D84-8DD7-7B93B1BD50F5}.Debug|x86.ActiveCfg = Debug|Any CPU
		{9A704D06-9E78-4D84-8DD7-7B93B1BD50F5}.Debug|x86.Build.0 = Debug|Any CPU
		{9A704D06-9E78-4D84-8DD7-7B93B1BD50F5}.Release|Any CPU.ActiveCfg = Release|Any CPU
		{9A704D06-9E78-4D84-8DD7-7B93B1BD50F5}.Release|Any CPU.Build.0 = Release|Any CPU
		{9A704D06-9E78-4D84-8DD7-7B93B1BD50F5}.Release|ARM.ActiveCfg = Release|Any CPU
		{9A704D06-9E78-4D84-8DD7-7B93B1BD50F5}.Release|ARM.Build.0 = Release|Any CPU
		{9A704D06-9E78-4D84-8DD7-7B93B1BD50F5}.Release|x64.ActiveCfg = Release|Any CPU
		{9A704D06-9E78-4D84-8DD7-7B93B1BD50F5}.Release|x64.Build.0 = Release|Any CPU
		{9A704D06-9E78-4D84-8DD7-7B93B1BD50F5}.Release|x86.ActiveCfg = Release|Any CPU
		{9A704D06-9E78-4D84-8DD7-7B93B1BD50F5}.Release|x86.Build.0 = Release|Any CPU
		{510F4418-6D2E-43E5-A2F5-668185CB5BD9}.Debug|Any CPU.ActiveCfg = Debug|Any CPU
		{510F4418-6D2E-43E5-A2F5-668185CB5BD9}.Debug|Any CPU.Build.0 = Debug|Any CPU
		{510F4418-6D2E-43E5-A2F5-668185CB5BD9}.Debug|Any CPU.Deploy.0 = Debug|Any CPU
		{510F4418-6D2E-43E5-A2F5-668185CB5BD9}.Debug|ARM.ActiveCfg = Debug|ARM
		{510F4418-6D2E-43E5-A2F5-668185CB5BD9}.Debug|ARM.Build.0 = Debug|ARM
		{510F4418-6D2E-43E5-A2F5-668185CB5BD9}.Debug|ARM.Deploy.0 = Debug|ARM
		{510F4418-6D2E-43E5-A2F5-668185CB5BD9}.Debug|x64.ActiveCfg = Debug|x64
		{510F4418-6D2E-43E5-A2F5-668185CB5BD9}.Debug|x64.Build.0 = Debug|x64
		{510F4418-6D2E-43E5-A2F5-668185CB5BD9}.Debug|x64.Deploy.0 = Debug|x64
		{510F4418-6D2E-43E5-A2F5-668185CB5BD9}.Debug|x86.ActiveCfg = Debug|x86
		{510F4418-6D2E-43E5-A2F5-668185CB5BD9}.Debug|x86.Build.0 = Debug|x86
		{510F4418-6D2E-43E5-A2F5-668185CB5BD9}.Debug|x86.Deploy.0 = Debug|x86
		{510F4418-6D2E-43E5-A2F5-668185CB5BD9}.Release|Any CPU.ActiveCfg = Release|Any CPU
		{510F4418-6D2E-43E5-A2F5-668185CB5BD9}.Release|Any CPU.Build.0 = Release|Any CPU
		{510F4418-6D2E-43E5-A2F5-668185CB5BD9}.Release|Any CPU.Deploy.0 = Release|Any CPU
		{510F4418-6D2E-43E5-A2F5-668185CB5BD9}.Release|ARM.ActiveCfg = Release|ARM
		{510F4418-6D2E-43E5-A2F5-668185CB5BD9}.Release|ARM.Build.0 = Release|ARM
		{510F4418-6D2E-43E5-A2F5-668185CB5BD9}.Release|ARM.Deploy.0 = Release|ARM
		{510F4418-6D2E-43E5-A2F5-668185CB5BD9}.Release|x64.ActiveCfg = Release|x64
		{510F4418-6D2E-43E5-A2F5-668185CB5BD9}.Release|x64.Build.0 = Release|x64
		{510F4418-6D2E-43E5-A2F5-668185CB5BD9}.Release|x64.Deploy.0 = Release|x64
		{510F4418-6D2E-43E5-A2F5-668185CB5BD9}.Release|x86.ActiveCfg = Release|x86
		{510F4418-6D2E-43E5-A2F5-668185CB5BD9}.Release|x86.Build.0 = Release|x86
		{510F4418-6D2E-43E5-A2F5-668185CB5BD9}.Release|x86.Deploy.0 = Release|x86
		{E31D18BF-AF86-4E0E-8751-5F052882DCF1}.Debug|Any CPU.ActiveCfg = Debug|Any CPU
		{E31D18BF-AF86-4E0E-8751-5F052882DCF1}.Debug|Any CPU.Build.0 = Debug|Any CPU
		{E31D18BF-AF86-4E0E-8751-5F052882DCF1}.Debug|Any CPU.Deploy.0 = Debug|Any CPU
		{E31D18BF-AF86-4E0E-8751-5F052882DCF1}.Debug|ARM.ActiveCfg = Debug|ARM
		{E31D18BF-AF86-4E0E-8751-5F052882DCF1}.Debug|ARM.Build.0 = Debug|ARM
		{E31D18BF-AF86-4E0E-8751-5F052882DCF1}.Debug|ARM.Deploy.0 = Debug|ARM
		{E31D18BF-AF86-4E0E-8751-5F052882DCF1}.Debug|x64.ActiveCfg = Debug|Any CPU
		{E31D18BF-AF86-4E0E-8751-5F052882DCF1}.Debug|x64.Build.0 = Debug|Any CPU
		{E31D18BF-AF86-4E0E-8751-5F052882DCF1}.Debug|x64.Deploy.0 = Debug|Any CPU
		{E31D18BF-AF86-4E0E-8751-5F052882DCF1}.Debug|x86.ActiveCfg = Debug|x86
		{E31D18BF-AF86-4E0E-8751-5F052882DCF1}.Debug|x86.Build.0 = Debug|x86
		{E31D18BF-AF86-4E0E-8751-5F052882DCF1}.Debug|x86.Deploy.0 = Debug|x86
		{E31D18BF-AF86-4E0E-8751-5F052882DCF1}.Release|Any CPU.ActiveCfg = Release|Any CPU
		{E31D18BF-AF86-4E0E-8751-5F052882DCF1}.Release|Any CPU.Build.0 = Release|Any CPU
		{E31D18BF-AF86-4E0E-8751-5F052882DCF1}.Release|Any CPU.Deploy.0 = Release|Any CPU
		{E31D18BF-AF86-4E0E-8751-5F052882DCF1}.Release|ARM.ActiveCfg = Release|ARM
		{E31D18BF-AF86-4E0E-8751-5F052882DCF1}.Release|ARM.Build.0 = Release|ARM
		{E31D18BF-AF86-4E0E-8751-5F052882DCF1}.Release|ARM.Deploy.0 = Release|ARM
		{E31D18BF-AF86-4E0E-8751-5F052882DCF1}.Release|x64.ActiveCfg = Release|Any CPU
		{E31D18BF-AF86-4E0E-8751-5F052882DCF1}.Release|x64.Build.0 = Release|Any CPU
		{E31D18BF-AF86-4E0E-8751-5F052882DCF1}.Release|x64.Deploy.0 = Release|Any CPU
		{E31D18BF-AF86-4E0E-8751-5F052882DCF1}.Release|x86.ActiveCfg = Release|x86
		{E31D18BF-AF86-4E0E-8751-5F052882DCF1}.Release|x86.Build.0 = Release|x86
		{E31D18BF-AF86-4E0E-8751-5F052882DCF1}.Release|x86.Deploy.0 = Release|x86
	EndGlobalSection
	GlobalSection(SolutionProperties) = preSolution
		HideSolutionNode = FALSE
	EndGlobalSection
	GlobalSection(NestedProjects) = preSolution
		{9D34C2FB-C4B8-4C3B-AEF1-7BEE4D20AC24} = {070AE6D1-6D60-421E-B31C-F94AFFF58938}
		{510F4418-6D2E-43E5-A2F5-668185CB5BD9} = {070AE6D1-6D60-421E-B31C-F94AFFF58938}
		{E31D18BF-AF86-4E0E-8751-5F052882DCF1} = {070AE6D1-6D60-421E-B31C-F94AFFF58938}
	EndGlobalSection
EndGlobal
